
Microsoft Visual Studio Solution File, Format Version 12.00
# Visual Studio Version 17
VisualStudioVersion = 17.5.33530.505
MinimumVisualStudioVersion = 10.0.40219.1
Project("{FAE04EC0-301F-11D3-BF4B-00C04F79EFBC}") = "WritingToTextFiles", "WritingToTextFiles.csproj", "{CCDA73F2-CDCB-45CD-81CD-DFF59F2814EB}"
EndProject
Global
	GlobalSection(SolutionConfigurationPlatforms) = preSolution
		Debug|Any CPU = Debug|Any CPU
		Release|Any CPU = Release|Any CPU
	EndGlobalSection
	GlobalSection(ProjectConfigurationPlatforms) = postSolution
		{CCDA73F2-CDCB-45CD-81CD-DFF59F2814EB}.Debug|Any CPU.ActiveCfg = Debug|Any CPU
		{CCDA73F2-CDCB-45CD-81CD-DFF59F2814EB}.Debug|Any CPU.Build.0 = Debug|Any CPU
		{CCDA73F2-CDCB-45CD-81CD-DFF59F2814EB}.Release|Any CPU.ActiveCfg = Release|Any CPU
		{CCDA73F2-CDCB-45CD-81CD-DFF59F2814EB}.Release|Any CPU.Build.0 = Release|Any CPU
	EndGlobalSection
	GlobalSection(SolutionProperties) = preSolution
		HideSolutionNode = FALSE
	EndGlobalSection
	GlobalSection(ExtensibilityGlobals) = postSolution
		SolutionGuid = {10968BD5-3841-4CAA-A5F1-9D936E3F9D14}
	EndGlobalSection
EndGlobal
